PODS:
  - Alamofire (4.7.2)
  - Argo (4.1.2):
    - Runes (>= 4.0.0)
  - Curry (4.0.0)
  - Moya/Core (11.0.2):
    - Alamofire (~> 4.1)
    - Result (~> 3.0)
  - Moya/ReactiveSwift (11.0.2):
    - Moya/Core
    - ReactiveSwift (~> 3.0)
  - Ogra (4.1.2):
    - Argo (= 4.1.2)
  - ReactiveCocoa (7.2.0):
    - ReactiveSwift (~> 3.1)
  - ReactiveSwift (3.1.0):
    - Result (~> 3.2)
  - Result (3.2.4)
  - Runes (4.1.0)

DEPENDENCIES:
  - Argo (~> 4.1.2)
  - Curry (~> 4.0.0)
  - Moya/ReactiveSwift (~> 11.0.2)
  - Ogra (~> 4.1.2)
  - ReactiveCocoa (~> 7.2.0)

SPEC REPOS:
  https://github.com/cocoapods/specs.git:
    - Alamofire
    - Argo
    - Curry
    - Moya
    - Ogra
    - ReactiveCocoa
    - ReactiveSwift
    - Result
    - Runes

SPEC CHECKSUMS:
  Alamofire: e4fa87002c137ba2d8d634d2c51fabcda0d5c223
  Argo: 5db06502fc1222d83011f574243089dab25202ff
  Curry: 887c0b9de9a9947820a59557459c7895e76d7b90
  Moya: a725035953bc1c0eb1be505ab903984501d82440
  Ogra: fc959d1038250a83e4ffa11ece1a6bbd3a1e547f
  ReactiveCocoa: 476dae7ca790f40d30d186a1bd7ebae4290395d5
  ReactiveSwift: 5b26d2e988fe0eed2daf48c4054d1de74db50184
  Result: d2d07204ce72856f1fd9130bbe42c35a7b0fea10
  Runes: 72a67a5bbbe1b5fdae08b5a01b10c60d83fc69aa

PODFILE CHECKSUM: dd00f4fd8bf2f6ae29bc37b9e1e75ca688fff3f1

COCOAPODS: 1.5.2
